
Microsoft Visual Studio Solution File, Format Version 12.00
Project("{FAE04EC0-301F-11D3-BF4B-00C04F79EFBC}") = "project6", "project6\project6.csproj", "{A08E7236-F52E-4F19-884B-D2AD65762030}"
EndProject
Global
	GlobalSection(SolutionConfigurationPlatforms) = preSolution
		Debug|Any CPU = Debug|Any CPU
		Release|Any CPU = Release|Any CPU
	EndGlobalSection
	GlobalSection(ProjectConfigurationPlatforms) = postSolution
		{A08E7236-F52E-4F19-884B-D2AD65762030}.Debug|Any CPU.ActiveCfg = Debug|Any CPU
		{A08E7236-F52E-4F19-884B-D2AD65762030}.Debug|Any CPU.Build.0 = Debug|Any CPU
		{A08E7236-F52E-4F19-884B-D2AD65762030}.Release|Any CPU.ActiveCfg = Release|Any CPU
		{A08E7236-F52E-4F19-884B-D2AD65762030}.Release|Any CPU.Build.0 = Release|Any CPU
	EndGlobalSection
EndGlobal
